
Microsoft Visual Studio Solution File, Format Version 12.00
# Visual Studio Version 17
VisualStudioVersion = 17.1.32407.343
MinimumVisualStudioVersion = 10.0.40219.1
Project("{FAE04EC0-301F-11D3-BF4B-00C04F79EFBC}") = "comment_request_windows_installer", "comment_request_windows_installer\comment_request_windows_installer.csproj", "{1ED677F0-9E31-4CEC-8A31-4D51528BF5E5}"
EndProject
Global
	GlobalSection(SolutionConfigurationPlatforms) = preSolution
		Debug|Any CPU = Debug|Any CPU
		Release|Any CPU = Release|Any CPU
	EndGlobalSection
	GlobalSection(ProjectConfigurationPlatforms) = postSolution
		{1ED677F0-9E31-4CEC-8A31-4D51528BF5E5}.Debug|Any CPU.ActiveCfg = Debug|Any CPU
		{1ED677F0-9E31-4CEC-8A31-4D51528BF5E5}.Debug|Any CPU.Build.0 = Debug|Any CPU
		{1ED677F0-9E31-4CEC-8A31-4D51528BF5E5}.Release|Any CPU.ActiveCfg = Release|Any CPU
		{1ED677F0-9E31-4CEC-8A31-4D51528BF5E5}.Release|Any CPU.Build.0 = Release|Any CPU
	EndGlobalSection
	GlobalSection(SolutionProperties) = preSolution
		HideSolutionNode = FALSE
	EndGlobalSection
	GlobalSection(ExtensibilityGlobals) = postSolution
		SolutionGuid = {0ACE8277-D065-4BE0-BEA7-4A12CA49B76B}
	EndGlobalSection
EndGlobal
